
Microsoft Visual Studio Solution File, Format Version 12.00
# Visual Studio Version 17
VisualStudioVersion = 17.0.31903.59
MinimumVisualStudioVersion = 10.0.40219.1
Project("{888888A0-9F3D-457C-B088-3A5042F75D52}") = "pii-service", "pii-service.pyproj", "{A1B2C3D4-E5F6-7890-ABCD-EF1234567890}"
EndProject
Project("{2150E333-8FDC-42A3-9474-1A3956D46DE8}") = "Solution Items", "Solution Items", "{B2C3D4E5-F6A7-8901-BCDE-F12345678901}"
	ProjectSection(SolutionItems) = preProject
		.env.example = .env.example
		.gitignore = .gitignore
		Dockerfile = Dockerfile
		LICENSE = LICENSE
		requirements.txt = requirements.txt
		start-local.ps1 = start-local.ps1
		TESTING.md = TESTING.md
		docs\bashCommands.txt = docs\bashCommands.txt
		docs\coverage-accountability.md = docs\coverage-accountability.md
		docs\productization-notes.md = docs\productization-notes.md
		docs\user-guide.md = docs\user-guide.md
		k8s\deployment.yaml = k8s\deployment.yaml
		workflows\pii_scan_and_sanitize.json = workflows\pii_scan_and_sanitize.json
		workflows\pii_ai_preflight_gate.json = workflows\pii_ai_preflight_gate.json
		n8n\pii_service_workflow.json = n8n\pii_service_workflow.json
	EndProjectSection
EndProject
Global
	GlobalSection(SolutionConfigurationPlatforms) = preSolution
		Debug|Any CPU = Debug|Any CPU
		Release|Any CPU = Release|Any CPU
	EndGlobalSection
	GlobalSection(ProjectConfigurationPlatforms) = postSolution
		{A1B2C3D4-E5F6-7890-ABCD-EF1234567890}.Debug|Any CPU.ActiveCfg = Debug|Any CPU
		{A1B2C3D4-E5F6-7890-ABCD-EF1234567890}.Release|Any CPU.ActiveCfg = Release|Any CPU
	EndGlobalSection
	GlobalSection(SolutionProperties) = preSolution
		HideSolutionNode = FALSE
	EndGlobalSection
EndGlobal
